
Microsoft Visual Studio Solution File, Format Version 12.00
# Visual Studio Version 16
VisualStudioVersion = 16.0.30711.63
MinimumVisualStudioVersion = 10.0.40219.1
Project("{9A19103F-16F7-4668-BE54-9A1E7A4F7556}") = "GameAspApp", "GameAspApp\GameAspApp.csproj", "{3DE07DEC-B61B-48E0-9F4E-07549FCB8070}"
EndProject
Project("{9A19103F-16F7-4668-BE54-9A1E7A4F7556}") = "GameAspApp.Models", "GameAspApp.Models\GameAspApp.Models.csproj", "{C2899C6C-4C9C-4768-8022-58C001DC1A05}"
EndProject
Project("{9A19103F-16F7-4668-BE54-9A1E7A4F7556}") = "GameAspApp.Services", "GameAspApp.Services\GameAspApp.Services.csproj", "{2D18AF09-3E32-4E5E-AAFD-E1C0962C52D9}"
EndProject
Project("{9A19103F-16F7-4668-BE54-9A1E7A4F7556}") = "GameAspApp.DAL", "GameAspApp.DAL\GameAspApp.DAL.csproj", "{11DBA342-3B02-4899-8F41-6C1931D20457}"
EndProject
Global
	GlobalSection(SolutionConfigurationPlatforms) = preSolution
		Debug|Any CPU = Debug|Any CPU
		Release|Any CPU = Release|Any CPU
	EndGlobalSection
	GlobalSection(ProjectConfigurationPlatforms) = postSolution
		{3DE07DEC-B61B-48E0-9F4E-07549FCB8070}.Debug|Any CPU.ActiveCfg = Debug|Any CPU
		{3DE07DEC-B61B-48E0-9F4E-07549FCB8070}.Debug|Any CPU.Build.0 = Debug|Any CPU
		{3DE07DEC-B61B-48E0-9F4E-07549FCB8070}.Release|Any CPU.ActiveCfg = Release|Any CPU
		{3DE07DEC-B61B-48E0-9F4E-07549FCB8070}.Release|Any CPU.Build.0 = Release|Any CPU
		{C2899C6C-4C9C-4768-8022-58C001DC1A05}.Debug|Any CPU.ActiveCfg = Debug|Any CPU
		{C2899C6C-4C9C-4768-8022-58C001DC1A05}.Debug|Any CPU.Build.0 = Debug|Any CPU
		{C2899C6C-4C9C-4768-8022-58C001DC1A05}.Release|Any CPU.ActiveCfg = Release|Any CPU
		{C2899C6C-4C9C-4768-8022-58C001DC1A05}.Release|Any CPU.Build.0 = Release|Any CPU
		{2D18AF09-3E32-4E5E-AAFD-E1C0962C52D9}.Debug|Any CPU.ActiveCfg = Debug|Any CPU
		{2D18AF09-3E32-4E5E-AAFD-E1C0962C52D9}.Debug|Any CPU.Build.0 = Debug|Any CPU
		{2D18AF09-3E32-4E5E-AAFD-E1C0962C52D9}.Release|Any CPU.ActiveCfg = Release|Any CPU
		{2D18AF09-3E32-4E5E-AAFD-E1C0962C52D9}.Release|Any CPU.Build.0 = Release|Any CPU
		{11DBA342-3B02-4899-8F41-6C1931D20457}.Debug|Any CPU.ActiveCfg = Debug|Any CPU
		{11DBA342-3B02-4899-8F41-6C1931D20457}.Debug|Any CPU.Build.0 = Debug|Any CPU
		{11DBA342-3B02-4899-8F41-6C1931D20457}.Release|Any CPU.ActiveCfg = Release|Any CPU
		{11DBA342-3B02-4899-8F41-6C1931D20457}.Release|Any CPU.Build.0 = Release|Any CPU
	EndGlobalSection
	GlobalSection(SolutionProperties) = preSolution
		HideSolutionNode = FALSE
	EndGlobalSection
	GlobalSection(ExtensibilityGlobals) = postSolution
		SolutionGuid = {AE194773-3302-476F-B791-7A275BFB65EB}
	EndGlobalSection
EndGlobal
